
Microsoft Visual Studio Solution File, Format Version 12.00
# Visual Studio Version 17
VisualStudioVersion = 17.3.32929.385
MinimumVisualStudioVersion = 10.0.40219.1
Project("{FAE04EC0-301F-11D3-BF4B-00C04F79EFBC}") = "authservice.dataaccess", "authservice.dataaccess\authservice.dataaccess.csproj", "{6E562B09-4F31-4613-9EFC-9F02B0DBDC54}"
EndProject
Global
	GlobalSection(SolutionConfigurationPlatforms) = preSolution
		Debug|Any CPU = Debug|Any CPU
		Release|Any CPU = Release|Any CPU
	EndGlobalSection
	GlobalSection(ProjectConfigurationPlatforms) = postSolution
		{6E562B09-4F31-4613-9EFC-9F02B0DBDC54}.Debug|Any CPU.ActiveCfg = Debug|Any CPU
		{6E562B09-4F31-4613-9EFC-9F02B0DBDC54}.Debug|Any CPU.Build.0 = Debug|Any CPU
		{6E562B09-4F31-4613-9EFC-9F02B0DBDC54}.Release|Any CPU.ActiveCfg = Release|Any CPU
		{6E562B09-4F31-4613-9EFC-9F02B0DBDC54}.Release|Any CPU.Build.0 = Release|Any CPU
	EndGlobalSection
	GlobalSection(SolutionProperties) = preSolution
		HideSolutionNode = FALSE
	EndGlobalSection
	GlobalSection(ExtensibilityGlobals) = postSolution
		SolutionGuid = {56868B79-A2CB-45C5-ACA8-08321A7E0585}
	EndGlobalSection
EndGlobal
